{
    "name": "@maxpaulus/changelogger",
    "version": "0.3.0",
    "lockfileVersion": 3,
    "requires": true,
    "packages": {
        "": {
            "name": "@maxpaulus/changelogger",
            "version": "0.3.0",
            "license": "MIT",
            "bin": {
                "changelogger": "bin/changelogger.mjs"
            },
            "engines": {
                "node": ">=18"
            }
        }
    }
}
